{
  "meteor": {},
  "dependencies": {
    "basePackages": {
      "moment": {},
      "iron-router": {},
      "collection2": {},
      "bootstrap-3": {},
      "autoform": {},
      "houston": {}
    },
    "packages": {
      "moment": {
        "git": "https://github.com/acreeger/meteor-moment.git",
        "tag": "v2.5.1",
        "commit": "8c9bc5d3fc96705057737cb9743d555417f6e551"
      },
      "iron-router": {
        "git": "https://github.com/EventedMind/iron-router.git",
        "tag": "v0.6.4",
        "commit": "927bbaed1b87894fb6fb70807f74ff3a5bd89f29"
      },
      "collection2": {
        "git": "https://github.com/aldeed/meteor-collection2.git",
        "tag": "v0.3.8",
        "commit": "69aff2a21ba3c382f915e1f9dbcca2ad38edb6d5"
      },
      "bootstrap-3": {
        "git": "https://github.com/mangasocial/meteor-bootstrap-3.git",
        "tag": "v3.1.0-1",
        "commit": "329dccb08bfc18c635676dea600ac9953162cda9"
      },
      "autoform": {
        "git": "https://github.com/aldeed/meteor-autoform.git",
        "tag": "v0.4.18",
        "commit": "991efc809b959e77d94796f47ca6c5b1e5c2c6e2"
      },
      "houston": {
        "git": "https://github.com/gterrono/meteor-admin-ui.git",
        "tag": "v1.0.0",
        "commit": "e98660af09cb3e4e90848abfe943a06e7068cccc"
      },
      "simple-schema": {
        "git": "https://github.com/aldeed/meteor-simple-schema.git",
        "tag": "v0.2.38",
        "commit": "2deec0041fc6cb2666df8cd6a51914e499e95683"
      },
      "paginated-subscription": {
        "git": "https://github.com/tmeasday/meteor-paginated-subscription.git",
        "tag": "v0.1.2",
        "commit": "35e0c6112df2b4cfeb60b559276a93cac5ee2dd6"
      },
      "spin": {
        "git": "https://github.com/SachaG/meteor-spin.git",
        "tag": "v0.2.2",
        "commit": "3f655f0016228e4195acc784c45d3e3a247dc39f"
      }
    }
  }
}
